
Microsoft Visual Studio Solution File, Format Version 12.00
# Visual Studio Version 17
VisualStudioVersion = 17.14.36414.22
MinimumVisualStudioVersion = 10.0.40219.1
Project("{FAE04EC0-301F-11D3-BF4B-00C04F79EFBC}") = "MyPracticsProject", "MyPracticsProject\MyPracticsProject.csproj", "{98182A5B-65B6-4C42-B4D8-FDB5491B70B3}"
EndProject
Project("{FAE04EC0-301F-11D3-BF4B-00C04F79EFBC}") = "DataLayer", "DataLayer\DataLayer.csproj", "{EB8C9A73-7DF8-4D10-BF8E-519087D83D71}"
EndProject
Global
	GlobalSection(SolutionConfigurationPlatforms) = preSolution
		Debug|Any CPU = Debug|Any CPU
		Release|Any CPU = Release|Any CPU
	EndGlobalSection
	GlobalSection(ProjectConfigurationPlatforms) = postSolution
		{98182A5B-65B6-4C42-B4D8-FDB5491B70B3}.Debug|Any CPU.ActiveCfg = Debug|Any CPU
		{98182A5B-65B6-4C42-B4D8-FDB5491B70B3}.Debug|Any CPU.Build.0 = Debug|Any CPU
		{98182A5B-65B6-4C42-B4D8-FDB5491B70B3}.Release|Any CPU.ActiveCfg = Release|Any CPU
		{98182A5B-65B6-4C42-B4D8-FDB5491B70B3}.Release|Any CPU.Build.0 = Release|Any CPU
		{EB8C9A73-7DF8-4D10-BF8E-519087D83D71}.Debug|Any CPU.ActiveCfg = Debug|Any CPU
		{EB8C9A73-7DF8-4D10-BF8E-519087D83D71}.Debug|Any CPU.Build.0 = Debug|Any CPU
		{EB8C9A73-7DF8-4D10-BF8E-519087D83D71}.Release|Any CPU.ActiveCfg = Release|Any CPU
		{EB8C9A73-7DF8-4D10-BF8E-519087D83D71}.Release|Any CPU.Build.0 = Release|Any CPU
	EndGlobalSection
	GlobalSection(SolutionProperties) = preSolution
		HideSolutionNode = FALSE
	EndGlobalSection
	GlobalSection(ExtensibilityGlobals) = postSolution
		SolutionGuid = {9B553860-188F-44C1-B8D8-4651448AF80F}
	EndGlobalSection
EndGlobal
